
Microsoft Visual Studio Solution File, Format Version 12.00
# Visual Studio Version 17
VisualStudioVersion = 17.11.35312.102
MinimumVisualStudioVersion = 10.0.40219.1
Project("{FAE04EC0-301F-11D3-BF4B-00C04F79EFBC}") = "EzSchool", "EzSchool\EzSchool.csproj", "{4D0FBEAB-92AA-4724-AED4-2CA5766F83A0}"
EndProject
Project("{FAE04EC0-301F-11D3-BF4B-00C04F79EFBC}") = "DatabaseAccess", "Application\DatabaseAccess\DatabaseAccess.csproj", "{5EB4A5F8-3DA9-47A5-9361-9A4DDC2AD4FD}"
EndProject
Global
	GlobalSection(SolutionConfigurationPlatforms) = preSolution
		Debug|Any CPU = Debug|Any CPU
		Release|Any CPU = Release|Any CPU
	EndGlobalSection
	GlobalSection(ProjectConfigurationPlatforms) = postSolution
		{4D0FBEAB-92AA-4724-AED4-2CA5766F83A0}.Debug|Any CPU.ActiveCfg = Debug|Any CPU
		{4D0FBEAB-92AA-4724-AED4-2CA5766F83A0}.Debug|Any CPU.Build.0 = Debug|Any CPU
		{4D0FBEAB-92AA-4724-AED4-2CA5766F83A0}.Release|Any CPU.ActiveCfg = Release|Any CPU
		{4D0FBEAB-92AA-4724-AED4-2CA5766F83A0}.Release|Any CPU.Build.0 = Release|Any CPU
		{5EB4A5F8-3DA9-47A5-9361-9A4DDC2AD4FD}.Debug|Any CPU.ActiveCfg = Debug|Any CPU
		{5EB4A5F8-3DA9-47A5-9361-9A4DDC2AD4FD}.Debug|Any CPU.Build.0 = Debug|Any CPU
		{5EB4A5F8-3DA9-47A5-9361-9A4DDC2AD4FD}.Release|Any CPU.ActiveCfg = Release|Any CPU
		{5EB4A5F8-3DA9-47A5-9361-9A4DDC2AD4FD}.Release|Any CPU.Build.0 = Release|Any CPU
	EndGlobalSection
	GlobalSection(SolutionProperties) = preSolution
		HideSolutionNode = FALSE
	EndGlobalSection
	GlobalSection(ExtensibilityGlobals) = postSolution
		SolutionGuid = {5A56ACD5-DA58-4980-93F9-1C875D78EFDD}
	EndGlobalSection
EndGlobal
